{
  "name": "amai-electron-manager",
  "version": "1.0.0",
  "lockfileVersion": 1,
  "requires": true,
  "dependencies": {
    "@electron/remote": {
      "version": "2.0.8",
      "resolved": "https://registry.npmjs.org/@electron/remote/-/remote-2.0.8.tgz",
      "integrity": "sha512-P10v3+iFCIvEPeYzTWWGwwHmqWnjoh8RYnbtZAb3RlQefy4guagzIwcWtfftABIfm6JJTNQf4WPSKWZOpLmHXw=="
    }
  }
}
